
Microsoft Visual Studio Solution File, Format Version 12.00
# Visual Studio Version 17
VisualStudioVersion = 17.0.31903.59
MinimumVisualStudioVersion = 10.0.40219.1
Project("{FAE04EC0-301F-11D3-BF4B-00C04F79EFBC}") = "day1", "day1\day1.csproj", "{2EA97566-0B84-4497-A87D-39A74FF9F718}"
EndProject
Project("{FAE04EC0-301F-11D3-BF4B-00C04F79EFBC}") = "day2", "day2\day2.csproj", "{47290538-9688-4F11-A6D6-ACEB20FFB6AD}"
EndProject
Global
	GlobalSection(SolutionConfigurationPlatforms) = preSolution
		Debug|Any CPU = Debug|Any CPU
		Release|Any CPU = Release|Any CPU
	EndGlobalSection
	GlobalSection(SolutionProperties) = preSolution
		HideSolutionNode = FALSE
	EndGlobalSection
	GlobalSection(ProjectConfigurationPlatforms) = postSolution
		{2EA97566-0B84-4497-A87D-39A74FF9F718}.Debug|Any CPU.ActiveCfg = Debug|Any CPU
		{2EA97566-0B84-4497-A87D-39A74FF9F718}.Debug|Any CPU.Build.0 = Debug|Any CPU
		{2EA97566-0B84-4497-A87D-39A74FF9F718}.Release|Any CPU.ActiveCfg = Release|Any CPU
		{2EA97566-0B84-4497-A87D-39A74FF9F718}.Release|Any CPU.Build.0 = Release|Any CPU
		{47290538-9688-4F11-A6D6-ACEB20FFB6AD}.Debug|Any CPU.ActiveCfg = Debug|Any CPU
		{47290538-9688-4F11-A6D6-ACEB20FFB6AD}.Debug|Any CPU.Build.0 = Debug|Any CPU
		{47290538-9688-4F11-A6D6-ACEB20FFB6AD}.Release|Any CPU.ActiveCfg = Release|Any CPU
		{47290538-9688-4F11-A6D6-ACEB20FFB6AD}.Release|Any CPU.Build.0 = Release|Any CPU
	EndGlobalSection
EndGlobal
